﻿
Microsoft Visual Studio Solution File, Format Version 12.00
# Visual Studio Version 18
VisualStudioVersion = 18.6.11828.311 oobstable
MinimumVisualStudioVersion = 10.0.40219.1
Project("{FAE04EC0-301F-11D3-BF4B-00C04F79EFBC}") = "TMSAsmBuilder", "src\TMSAsmBuilder\TMSAsmBuilder.csproj", "{D1F29596-7A1A-919F-B7AD-432826F1B5A1}"
EndProject
Global
	GlobalSection(SolutionConfigurationPlatforms) = preSolution
		Debug|Any CPU = Debug|Any CPU
		Release|Any CPU = Release|Any CPU
	EndGlobalSection
	GlobalSection(ProjectConfigurationPlatforms) = postSolution
		{D1F29596-7A1A-919F-B7AD-432826F1B5A1}.Debug|Any CPU.ActiveCfg = Debug|Any CPU
		{D1F29596-7A1A-919F-B7AD-432826F1B5A1}.Debug|Any CPU.Build.0 = Debug|Any CPU
		{D1F29596-7A1A-919F-B7AD-432826F1B5A1}.Release|Any CPU.ActiveCfg = Release|Any CPU
		{D1F29596-7A1A-919F-B7AD-432826F1B5A1}.Release|Any CPU.Build.0 = Release|Any CPU
	EndGlobalSection
	GlobalSection(SolutionProperties) = preSolution
		HideSolutionNode = FALSE
	EndGlobalSection
	GlobalSection(ExtensibilityGlobals) = postSolution
		SolutionGuid = {44EAEE9A-58CD-428A-9ADC-3EE73EC36F4A}
	EndGlobalSection
EndGlobal
